// !$*UTF8*$!
{
	archiveVersion = 1;
	classes = {
	};
	objectVersion = 46;
	objects = {

/* Begin PBXBuildFile section */
		F5236C301FF62B0600D327D7 /* main.m in Sources */ = {isa = PBXBuildFile; fileRef = F5236C2F1FF62B0600D327D7 /* main.m */; };
		F5236C331FF62B0600D327D7 /* AppDelegate.m in Sources */ = {isa = PBXBuildFile; fileRef = F5236C321FF62B0600D327D7 /* AppDelegate.m */; };
		F5236C361FF62B0600D327D7 /* ViewController.m in Sources */ = {isa = PBXBuildFile; fileRef = F5236C351FF62B0600D327D7 /* ViewController.m */; };
		F5236C391FF62B0600D327D7 /* Main.storyboard in Resources */ = {isa = PBXBuildFile; fileRef = F5236C371FF62B0600D327D7 /* Main.storyboard */; };
		F5236C3B1FF62B0600D327D7 /* Assets.xcassets in Resources */ = {isa = PBXBuildFile; fileRef = F5236C3A1FF62B0600D327D7 /* Assets.xcassets */; };
		F5236C3E1FF62B0600D327D7 /* LaunchScreen.storyboard in Resources */ = {isa = PBXBuildFile; fileRef = F5236C3C1FF62B0600D327D7 /* LaunchScreen.storyboard */; };
		F5236C471FF62B2800D327D7 /* BaseViewController.m in Sources */ = {isa = PBXBuildFile; fileRef = F5236C461FF62B2800D327D7 /* BaseViewController.m */; };
		F5236C4A1FF62B3700D327D7 /* SecViewController.m in Sources */ = {isa = PBXBuildFile; fileRef = F5236C491FF62B3700D327D7 /* SecViewController.m */; };
		F5DB3C1E1FFB6A5B009F3573 /* OneManager.m in Sources */ = {isa = PBXBuildFile; fileRef = F5DB3C1D1FFB6A5B009F3573 /* OneManager.m */; };
		F5DB3C211FFB6A68009F3573 /* TwoManager.m in Sources */ = {isa = PBXBuildFile; fileRef = F5DB3C201FFB6A68009F3573 /* TwoManager.m */; };
/* End PBXBuildFile section */

/* Begin PBXFileReference section */
		F5236C2B1FF62B0600D327D7 /* ExtendsTest.app */ = {isa = PBXFileReference; explicitFileType = wrapper.application; includeInIndex = 0; path = ExtendsTest.app; sourceTree = BUILT_PRODUCTS_DIR; };
		F5236C2F1FF62B0600D327D7 /* main.m */ = {isa = PBXFileReference; lastKnownFileType = sourcecode.c.objc; path = main.m; sourceTree = "<group>"; };
		F5236C311FF62B0600D327D7 /* AppDelegate.h */ = {isa = PBXFileReference; lastKnownFileType = sourcecode.c.h; path = AppDelegate.h; sourceTree = "<group>"; };
		F5236C321FF62B0600D327D7 /* AppDelegate.m */ = {isa = PBXFileReference; lastKnownFileType = sourcecode.c.objc; path = AppDelegate.m; sourceTree = "<group>"; };
		F5236C341FF62B0600D327D7 /* ViewController.h */ = {isa = PBXFileReference; lastKnownFileType = sourcecode.c.h; path = ViewController.h; sourceTree = "<group>"; };
		F5236C351FF62B0600D327D7 /* ViewController.m */ = {isa = PBXFileReference; lastKnownFileType = sourcecode.c.objc; path = ViewController.m; sourceTree = "<group>"; };
		F5236C381FF62B0600D327D7 /* Base */ = {isa = PBXFileReference; lastKnownFileType = file.storyboard; name = Base; path = Base.lproj/Main.storyboard; sourceTree = "<group>"; };
		F5236C3A1FF62B0600D327D7 /* Assets.xcassets */ = {isa = PBXFileReference; lastKnownFileType = folder.assetcatalog; path = Assets.xcassets; sourceTree = "<group>"; };
		F5236C3D1FF62B0600D327D7 /* Base */ = {isa = PBXFileReference; lastKnownFileType = file.storyboard; name = Base; path = Base.lproj/LaunchScreen.storyboard; sourceTree = "<group>"; };
		F5236C3F1FF62B0600D327D7 /* Info.plist */ = {isa = PBXFileReference; lastKnownFileType = text.plist.xml; path = Info.plist; sourceTree = "<group>"; };
		F5236C451FF62B2800D327D7 /* BaseViewController.h */ = {isa = PBXFileReference; fileEncoding = 4; lastKnownFileType = sourcecode.c.h; path = BaseViewController.h; sourceTree = "<group>"; };
		F5236C461FF62B2800D327D7 /* BaseViewController.m */ = {isa = PBXFileReference; fileEncoding = 4; lastKnownFileType = sourcecode.c.objc; path = BaseViewController.m; sourceTree = "<group>"; };
		F5236C481FF62B3700D327D7 /* SecViewController.h */ = {isa = PBXFileReference; fileEncoding = 4; lastKnownFileType = sourcecode.c.h; path = SecViewController.h; sourceTree = "<group>"; };
		F5236C491FF62B3700D327D7 /* SecViewController.m */ = {isa = PBXFileReference; fileEncoding = 4; lastKnownFileType = sourcecode.c.objc; path = SecViewController.m; sourceTree = "<group>"; };
		F5DB3C1C1FFB6A5B009F3573 /* OneManager.h */ = {isa = PBXFileReference; fileEncoding = 4; lastKnownFileType = sourcecode.c.h; path = OneManager.h; sourceTree = "<group>"; };
		F5DB3C1D1FFB6A5B009F3573 /* OneManager.m */ = {isa = PBXFileReference; fileEncoding = 4; lastKnownFileType = sourcecode.c.objc; path = OneManager.m; sourceTree = "<group>"; };
		F5DB3C1F1FFB6A68009F3573 /* TwoManager.h */ = {isa = PBXFileReference; fileEncoding = 4; lastKnownFileType = sourcecode.c.h; path = TwoManager.h; sourceTree = "<group>"; };
		F5DB3C201FFB6A68009F3573 /* TwoManager.m */ = {isa = PBXFileReference; fileEncoding = 4; lastKnownFileType = sourcecode.c.objc; path = TwoManager.m; sourceTree = "<group>"; };
/* End PBXFileReference section */

/* Begin PBXFrameworksBuildPhase section */
		F5236C281FF62B0600D327D7 /* Frameworks */ = {
			isa = PBXFrameworksBuildPhase;
			buildActionMask = 2147483647;
			files = (
			);
			runOnlyForDeploymentPostprocessing = 0;
		};
/* End PBXFrameworksBuildPhase section */

/* Begin PBXGroup section */
		F5236C221FF62B0600D327D7 = {
			isa = PBXGroup;
			children = (
				F5236C2D1FF62B0600D327D7 /* ExtendsTest */,
				F5236C2C1FF62B0600D327D7 /* Products */,
			);
			sourceTree = "<group>";
		};
		F5236C2C1FF62B0600D327D7 /* Products */ = {
			isa = PBXGroup;
			children = (
				F5236C2B1FF62B0600D327D7 /* ExtendsTest.app */,
			);
			name = Products;
			sourceTree = "<group>";
		};
		F5236C2D1FF62B0600D327D7 /* ExtendsTest */ = {
			isa = PBXGroup;
			children = (
				F5236C311FF62B0600D327D7 /* AppDelegate.h */,
				F5236C321FF62B0600D327D7 /* AppDelegate.m */,
				F5236C451FF62B2800D327D7 /* BaseViewController.h */,
				F5236C461FF62B2800D327D7 /* BaseViewController.m */,
				F5236C341FF62B0600D327D7 /* ViewController.h */,
				F5236C351FF62B0600D327D7 /* ViewController.m */,
				F5236C481FF62B3700D327D7 /* SecViewController.h */,
				F5236C491FF62B3700D327D7 /* SecViewController.m */,
				F5DB3C1C1FFB6A5B009F3573 /* OneManager.h */,
				F5DB3C1D1FFB6A5B009F3573 /* OneManager.m */,
				F5DB3C1F1FFB6A68009F3573 /* TwoManager.h */,
				F5DB3C201FFB6A68009F3573 /* TwoManager.m */,
				F5236C371FF62B0600D327D7 /* Main.storyboard */,
				F5236C3A1FF62B0600D327D7 /* Assets.xcassets */,
				F5236C3C1FF62B0600D327D7 /* LaunchScreen.storyboard */,
				F5236C3F1FF62B0600D327D7 /* Info.plist */,
				F5236C2E1FF62B0600D327D7 /* Supporting Files */,
			);
			path = ExtendsTest;
			sourceTree = "<group>";
		};
		F5236C2E1FF62B0600D327D7 /* Supporting Files */ = {
			isa = PBXGroup;
			children = (
				F5236C2F1FF62B0600D327D7 /* main.m */,
			);
			name = "Supporting Files";
			sourceTree = "<group>";
		};
/* End PBXGroup section */

/* Begin PBXNativeTarget section */
		F5236C2A1FF62B0600D327D7 /* ExtendsTest */ = {
			isa = PBXNativeTarget;
			buildConfigurationList = F5236C421FF62B0600D327D7 /* Build configuration list for PBXNativeTarget "ExtendsTest" */;
			buildPhases = (
				F5236C271FF62B0600D327D7 /* Sources */,
				F5236C281FF62B0600D327D7 /* Frameworks */,
				F5236C291FF62B0600D327D7 /* Resources */,
			);
			buildRules = (
			);
			dependencies = (
			);
			name = ExtendsTest;
			productName = ExtendsTest;
			productReference = F5236C2B1FF62B0600D327D7 /* ExtendsTest.app */;
			productType = "com.apple.product-type.application";
		};
/* End PBXNativeTarget section */

/* Begin PBXProject section */
		F5236C231FF62B0600D327D7 /* Project object */ = {
			isa = PBXProject;
			attributes = {
				LastUpgradeCheck = 0720;
				ORGANIZATIONNAME = xumxum;
				TargetAttributes = {
					F5236C2A1FF62B0600D327D7 = {
						CreatedOnToolsVersion = 7.2.1;
					};
				};
			};
			buildConfigurationList = F5236C261FF62B0600D327D7 /* Build configuration list for PBXProject "ExtendsTest" */;
			compatibilityVersion = "Xcode 3.2";
			developmentRegion = English;
			hasScannedForEncodings = 0;
			knownRegions = (
				en,
				Base,
			);
			mainGroup = F5236C221FF62B0600D327D7;
			productRefGroup = F5236C2C1FF62B0600D327D7 /* Products */;
			projectDirPath = "";
			projectRoot = "";
			targets = (
				F5236C2A1FF62B0600D327D7 /* ExtendsTest */,
			);
		};
/* End PBXProject section */

/* Begin PBXResourcesBuildPhase section */
		F5236C291FF62B0600D327D7 /* Resources */ = {
			isa = PBXResourcesBuildPhase;
			buildActionMask = 2147483647;
			files = (
				F5236C3E1FF62B0600D327D7 /* LaunchScreen.storyboard in Resources */,
				F5236C3B1FF62B0600D327D7 /* Assets.xcassets in Resources */,
				F5236C391FF62B0600D327D7 /* Main.storyboard in Resources */,
			);
			runOnlyForDeploymentPostprocessing = 0;
		};
/* End PBXResourcesBuildPhase section */

/* Begin PBXSourcesBuildPhase section */
		F5236C271FF62B0600D327D7 /* Sources */ = {
			isa = PBXSourcesBuildPhase;
			buildActionMask = 2147483647;
			files = (
				F5236C361FF62B0600D327D7 /* ViewController.m in Sources */,
				F5236C471FF62B2800D327D7 /* BaseViewController.m in Sources */,
				F5236C331FF62B0600D327D7 /* AppDelegate.m in Sources */,
				F5236C4A1FF62B3700D327D7 /* SecViewController.m in Sources */,
				F5DB3C1E1FFB6A5B009F3573 /* OneManager.m in Sources */,
				F5236C301FF62B0600D327D7 /* main.m in Sources */,
				F5DB3C211FFB6A68009F3573 /* TwoManager.m in Sources */,
			);
			runOnlyForDeploymentPostprocessing = 0;
		};
/* End PBXSourcesBuildPhase section */

/* Begin PBXVariantGroup section */
		F5236C371FF62B0600D327D7 /* Main.storyboard */ = {
			isa = PBXVariantGroup;
			children = (
				F5236C381FF62B0600D327D7 /* Base */,
			);
			name = Main.storyboard;
			sourceTree = "<group>";
		};
		F5236C3C1FF62B0600D327D7 /* LaunchScreen.storyboard */ = {
			isa = PBXVariantGroup;
			children = (
				F5236C3D1FF62B0600D327D7 /* Base */,
			);
			name = LaunchScreen.storyboard;
			sourceTree = "<group>";
		};
/* End PBXVariantGroup section */

/* Begin XCBuildConfiguration section */
		F5236C401FF62B0600D327D7 /* Debug */ = {
			isa = XCBuildConfiguration;
			buildSettings = {
				ALWAYS_SEARCH_USER_PATHS = NO;
				CLANG_CXX_LANGUAGE_STANDARD = "gnu++0x";
				CLANG_CXX_LIBRARY = "libc++";
				CLANG_ENABLE_MODULES = YES;
				CLANG_ENABLE_OBJC_ARC = YES;
				CLANG_WARN_BOOL_CONVERSION = YES;
				CLANG_WARN_CONSTANT_CONVERSION = YES;
				CLANG_WARN_DIRECT_OBJC_ISA_USAGE = YES_ERROR;
				CLANG_WARN_EMPTY_BODY = YES;
				CLANG_WARN_ENUM_CONVERSION = YES;
				CLANG_WARN_INT_CONVERSION = YES;
				CLANG_WARN_OBJC_ROOT_CLASS = YES_ERROR;
				CLANG_WARN_UNREACHABLE_CODE = YES;
				CLANG_WARN__DUPLICATE_METHOD_MATCH = YES;
				"CODE_SIGN_IDENTITY[sdk=iphoneos*]" = "iPhone Developer";
				COPY_PHASE_STRIP = NO;
				DEBUG_INFORMATION_FORMAT = dwarf;
				ENABLE_STRICT_OBJC_MSGSEND = YES;
				ENABLE_TESTABILITY = YES;
				GCC_C_LANGUAGE_STANDARD = gnu99;
				GCC_DYNAMIC_NO_PIC = NO;
				GCC_NO_COMMON_BLOCKS = YES;
				GCC_OPTIMIZATION_LEVEL = 0;
				GCC_PREPROCESSOR_DEFINITIONS = (
					"DEBUG=1",
					"$(inherited)",
				);
				GCC_WARN_64_TO_32_BIT_CONVERSION = YES;
				GCC_WARN_ABOUT_RETURN_TYPE = YES_ERROR;
				GCC_WARN_UNDECLARED_SELECTOR = YES;
				GCC_WARN_UNINITIALIZED_AUTOS = YES_AGGRESSIVE;
				GCC_WARN_UNUSED_FUNCTION = YES;
				GCC_WARN_UNUSED_VARIABLE = YES;
				IPHONEOS_DEPLOYMENT_TARGET = 9.2;
				MTL_ENABLE_DEBUG_INFO = YES;
				ONLY_ACTIVE_ARCH = YES;
				SDKROOT = iphoneos;
				TARGETED_DEVICE_FAMILY = "1,2";
			};
			name = Debug;
		};
		F5236C411FF62B0600D327D7 /* Release */ = {
			isa = XCBuildConfiguration;
			buildSettings = {
				ALWAYS_SEARCH_USER_PATHS = NO;
				CLANG_CXX_LANGUAGE_STANDARD = "gnu++0x";
				CLANG_CXX_LIBRARY = "libc++";
				CLANG_ENABLE_MODULES = YES;
				CLANG_ENABLE_OBJC_ARC = YES;
				CLANG_WARN_BOOL_CONVERSION = YES;
				CLANG_WARN_CONSTANT_CONVERSION = YES;
				CLANG_WARN_DIRECT_OBJC_ISA_USAGE = YES_ERROR;
				CLANG_WARN_EMPTY_BODY = YES;
				CLANG_WARN_ENUM_CONVERSION = YES;
				CLANG_WARN_INT_CONVERSION = YES;
				CLANG_WARN_OBJC_ROOT_CLASS = YES_ERROR;
				CLANG_WARN_UNREACHABLE_CODE = YES;
				CLANG_WARN__DUPLICATE_METHOD_MATCH = YES;
				"CODE_SIGN_IDENTITY[sdk=iphoneos*]" = "iPhone Developer";
				COPY_PHASE_STRIP = NO;
				DEBUG_INFORMATION_FORMAT = "dwarf-with-dsym";
				ENABLE_NS_ASSERTIONS = NO;
				ENABLE_STRICT_OBJC_MSGSEND = YES;
				GCC_C_LANGUAGE_STANDARD = gnu99;
				GCC_NO_COMMON_BLOCKS = YES;
				GCC_WARN_64_TO_32_BIT_CONVERSION = YES;
				GCC_WARN_ABOUT_RETURN_TYPE = YES_ERROR;
				GCC_WARN_UNDECLARED_SELECTOR = YES;
				GCC_WARN_UNINITIALIZED_AUTOS = YES_AGGRESSIVE;
				GCC_WARN_UNUSED_FUNCTION = YES;
				GCC_WARN_UNUSED_VARIABLE = YES;
				IPHONEOS_DEPLOYMENT_TARGET = 9.2;
				MTL_ENABLE_DEBUG_INFO = NO;
				SDKROOT = iphoneos;
				TARGETED_DEVICE_FAMILY = "1,2";
				VALIDATE_PRODUCT = YES;
			};
			name = Release;
		};
		F5236C431FF62B0600D327D7 /* Debug */ = {
			isa = XCBuildConfiguration;
			buildSettings = {
				ASSETCATALOG_COMPILER_APPICON_NAME = AppIcon;
				INFOPLIST_FILE = ExtendsTest/Info.plist;
				LD_RUNPATH_SEARCH_PATHS = "$(inherited) @executable_path/Frameworks";
				PRODUCT_BUNDLE_IDENTIFIER = com.xum.example.ExtendsTest;
				PRODUCT_NAME = "$(TARGET_NAME)";
			};
			name = Debug;
		};
		F5236C441FF62B0600D327D7 /* Release */ = {
			isa = XCBuildConfiguration;
			buildSettings = {
				ASSETCATALOG_COMPILER_APPICON_NAME = AppIcon;
				INFOPLIST_FILE = ExtendsTest/Info.plist;
				LD_RUNPATH_SEARCH_PATHS = "$(inherited) @executable_path/Frameworks";
				PRODUCT_BUNDLE_IDENTIFIER = com.xum.example.ExtendsTest;
				PRODUCT_NAME = "$(TARGET_NAME)";
			};
			name = Release;
		};
/* End XCBuildConfiguration section */

/* Begin XCConfigurationList section */
		F5236C261FF62B0600D327D7 /* Build configuration list for PBXProject "ExtendsTest" */ = {
			isa = XCConfigurationList;
			buildConfigurations = (
				F5236C401FF62B0600D327D7 /* Debug */,
				F5236C411FF62B0600D327D7 /* Release */,
			);
			defaultConfigurationIsVisible = 0;
			defaultConfigurationName = Release;
		};
		F5236C421FF62B0600D327D7 /* Build configuration list for PBXNativeTarget "ExtendsTest" */ = {
			isa = XCConfigurationList;
			buildConfigurations = (
				F5236C431FF62B0600D327D7 /* Debug */,
				F5236C441FF62B0600D327D7 /* Release */,
			);
			defaultConfigurationIsVisible = 0;
			defaultConfigurationName = Release;
		};
/* End XCConfigurationList section */
	};
	rootObject = F5236C231FF62B0600D327D7 /* Project object */;
}
